{
  "name": "react-native-di-hola-shaking",
  "version": "1.0.0",
  "lockfileVersion": 1,
  "requires": true,
  "dependencies": {
    "react-native-geolocation-service": {
      "version": "2.0.1",
      "resolved": "https://registry.npmjs.org/react-native-geolocation-service/-/react-native-geolocation-service-2.0.1.tgz",
      "integrity": "sha512-Vgi40m8Pt4U3jC6fIeus+ud4lV37LngaDnXMX1ktgEeVG9HpxJfc7p09wqToK2gC2vNfRNOZVRvEO8U4ULJWCg=="
    }
  }
}
